
Microsoft Visual Studio Solution File, Format Version 12.00
# Visual Studio 15
VisualStudioVersion = 15.0.28307.1145
MinimumVisualStudioVersion = 10.0.40219.1
Project("{F184B08F-C81C-45F6-A57F-5ABD9991F28F}") = "Repair Bill", "Repair Bill\Repair Bill.vbproj", "{AFC5EFBB-7C5D-4487-9189-294F57E011AA}"
EndProject
Global
	GlobalSection(SolutionConfigurationPlatforms) = preSolution
		Debug|Any CPU = Debug|Any CPU
		Release|Any CPU = Release|Any CPU
	EndGlobalSection
	GlobalSection(ProjectConfigurationPlatforms) = postSolution
		{AFC5EFBB-7C5D-4487-9189-294F57E011AA}.Debug|Any CPU.ActiveCfg = Debug|Any CPU
		{AFC5EFBB-7C5D-4487-9189-294F57E011AA}.Debug|Any CPU.Build.0 = Debug|Any CPU
		{AFC5EFBB-7C5D-4487-9189-294F57E011AA}.Release|Any CPU.ActiveCfg = Release|Any CPU
		{AFC5EFBB-7C5D-4487-9189-294F57E011AA}.Release|Any CPU.Build.0 = Release|Any CPU
	EndGlobalSection
	GlobalSection(SolutionProperties) = preSolution
		HideSolutionNode = FALSE
	EndGlobalSection
	GlobalSection(ExtensibilityGlobals) = postSolution
		SolutionGuid = {84F48AA5-22E5-444C-BF77-1F78EDD50061}
	EndGlobalSection
EndGlobal
